{
  "pins" : [
    {
      "identity" : "iosintpackage",
      "kind" : "remoteSourceControl",
      "location" : "https://github.com/TrueMax/iOSIntPackage",
      "state" : {
        "branch" : "imagepublisher",
        "revision" : "e1cc0e1b76d7cb8f770d903d85ae9ed91ae026bd"
      }
    },
    {
      "identity" : "rxswift",
      "kind" : "remoteSourceControl",
      "location" : "https://github.com/ReactiveX/RxSwift.git",
      "state" : {
        "branch" : "main",
        "revision" : "8ec08deca8271516f673706e78fb954797cd6627"
      }
    }
  ],
  "version" : 2
}
